schema: '2.0'
stages:
  prepare_demand:
    cmd: PYTHONPATH=. .venv/bin/python scripts/prepare_leuven_demand.py
    deps:
    - path: scripts/config.py
      hash: md5
      md5: 353e1aa369603fdadaf33fe33f7bae29
      size: 814
    - path: scripts/prepare_leuven_demand.py
      hash: md5
      md5: 6d4fa266db4666c11de5a3800a571e6c
      size: 9202
    outs:
    - path: data/leuven_attractors.geojson
      hash: md5
      md5: 43975c0f76a751eafd91d1af210eb190
      size: 556
    - path: data/leuven_worldpop_origins.geojson
      hash: md5
      md5: f27b2225657688f3d2d79c85ca4f6e09
      size: 95575
  bench_leuven:
    cmd: PYTHONPATH=. .venv/bin/python scripts/bench_leuven.py
    deps:
    - path: data/leuven_telraam_pedestrians_4326.geojson
      hash: md5
      md5: b7ff1f833efaf3c3acc0097e1c700ef2
      size: 8583
    - path: data/leuven_walk_edges.gpkg
      hash: md5
      md5: ab62ecb68ab3b3be6534c8f0d90f8ca0
      size: 4882432
    - path: scripts/bench_leuven.py
      hash: md5
      md5: 346a5ffe5d291d347cf1b8bce5975dd4
      size: 6966
    - path: scripts/config.py
      hash: md5
      md5: 353e1aa369603fdadaf33fe33f7bae29
      size: 814
    outs:
    - path: results/leuven_results.csv
      hash: md5
      md5: 309bde6f5d89246e4f1c55a7c445bec5
      size: 857
  bench_cityseer_demand:
    cmd: PYTHONPATH=. .venv/bin/python 
      scripts/run_cityseer_demand_experiments.py
    deps:
    - path: data/leuven_attractors.geojson
      hash: md5
      md5: 43975c0f76a751eafd91d1af210eb190
      size: 556
    - path: data/leuven_telraam_pedestrians_4326.geojson
      hash: md5
      md5: b7ff1f833efaf3c3acc0097e1c700ef2
      size: 8583
    - path: data/leuven_walk_edges.gpkg
      hash: md5
      md5: ab62ecb68ab3b3be6534c8f0d90f8ca0
      size: 4882432
    - path: data/leuven_worldpop_origins.geojson
      hash: md5
      md5: f27b2225657688f3d2d79c85ca4f6e09
      size: 95575
    - path: scripts/config.py
      hash: md5
      md5: 353e1aa369603fdadaf33fe33f7bae29
      size: 814
    - path: scripts/run_cityseer_demand_experiments.py
      hash: md5
      md5: 63183984532de9984c0965d64066fc78
      size: 32970
    outs:
    - path: leuven-map-cityseer-demand.html
      hash: md5
      md5: 9216f4d8cba3347136ccee70f7165c89
      size: 1710340
    - path: results/cityseer_demand_best_predictions.csv
      hash: md5
      md5: 8745ca59829412e9f26d7b745e313c26
      size: 169
  bench_sdna:
    cmd: PYTHONPATH=. .venv/bin/python scripts/bench_sdna.py
    deps:
    - path: data/leuven_telraam_pedestrians_4326.geojson
      hash: md5
      md5: b7ff1f833efaf3c3acc0097e1c700ef2
      size: 8583
    - path: data/leuven_walk_edges.gpkg
      hash: md5
      md5: ab62ecb68ab3b3be6534c8f0d90f8ca0
      size: 4882432
    - path: scripts/bench_sdna.py
      hash: md5
      md5: e95f4c15e66d3a478bfd344c89f133f9
      size: 8378
    - path: scripts/config.py
      hash: md5
      md5: 353e1aa369603fdadaf33fe33f7bae29
      size: 814
    outs:
    - path: results/sdna_best_predictions.csv
      hash: md5
      md5: f5967b875e3470a52cd1fc59e83eb506
      size: 155
    - path: results/sdna_results.csv
      hash: md5
      md5: c090f7e20b9b5168823d70514e864438
      size: 1743
  generate_interactive_map:
    cmd: PYTHONPATH=. .venv/bin/python scripts/generate_interactive_map.py
    deps:
    - path: data/leuven_attractors.geojson
      hash: md5
      md5: 43975c0f76a751eafd91d1af210eb190
      size: 556
    - path: data/leuven_telraam_pedestrians_4326.geojson
      hash: md5
      md5: b7ff1f833efaf3c3acc0097e1c700ef2
      size: 8583
    - path: data/leuven_walk_edges.gpkg
      hash: md5
      md5: ab62ecb68ab3b3be6534c8f0d90f8ca0
      size: 4882432
    - path: data/leuven_worldpop_origins.geojson
      hash: md5
      md5: f27b2225657688f3d2d79c85ca4f6e09
      size: 95575
    - path: scripts/config.py
      hash: md5
      md5: 353e1aa369603fdadaf33fe33f7bae29
      size: 814
    - path: scripts/generate_interactive_map.py
      hash: md5
      md5: 38b202e146ff38faa4f57aa0699e0e96
      size: 30263
    outs:
    - path: leuven-map.html
      hash: md5
      md5: 779c879c4c073faa6c5c639e7c2abbb2
      size: 761948
    - path: results/madina_worldpop_best_predictions.csv
      hash: md5
      md5: e1a08292f8242ce815598ec0dc3736ad
      size: 170
  run_detour_experiments:
    cmd: PYTHONPATH=. .venv/bin/python scripts/run_detour_experiments.py
    deps:
    - path: data/leuven_attractors.geojson
      hash: md5
      md5: 43975c0f76a751eafd91d1af210eb190
      size: 556
    - path: data/leuven_telraam_pedestrians_4326.geojson
      hash: md5
      md5: b7ff1f833efaf3c3acc0097e1c700ef2
      size: 8583
    - path: data/leuven_walk_edges.gpkg
      hash: md5
      md5: ab62ecb68ab3b3be6534c8f0d90f8ca0
      size: 4882432
    - path: data/leuven_worldpop_origins.geojson
      hash: md5
      md5: f27b2225657688f3d2d79c85ca4f6e09
      size: 95575
    - path: scripts/config.py
      hash: md5
      md5: 353e1aa369603fdadaf33fe33f7bae29
      size: 814
    - path: scripts/run_detour_experiments.py
      hash: md5
      md5: 94eccf19e65fcad186b754f2ab46845a
      size: 24067
    outs:
    - path: leuven-map-detour-1.00.html
      hash: md5
      md5: ae396bcef419f724cb3a20b55898db75
      size: 754854
  generate_plots:
    cmd: PYTHONPATH=. .venv/bin/python scripts/fig_input_datasets.py && 
      PYTHONPATH=. .venv/bin/python scripts/fig_option_a.py
    deps:
    - path: results/cityseer_demand_best_predictions.csv
      hash: md5
      md5: 8745ca59829412e9f26d7b745e313c26
      size: 169
    - path: results/madina_worldpop_best_predictions.csv
      hash: md5
      md5: e1a08292f8242ce815598ec0dc3736ad
      size: 170
    - path: results/sdna_best_predictions.csv
      hash: md5
      md5: a5c32fe1664032f9e16144a6ade480df
      size: 154
    - path: scripts/config.py
      hash: md5
      md5: 353e1aa369603fdadaf33fe33f7bae29
      size: 814
    - path: scripts/fig_input_datasets.py
      hash: md5
      md5: 1abf643bbd4f3ec8ba9e0322499fafc3
      size: 3507
    - path: scripts/fig_option_a.py
      hash: md5
      md5: 9e4b1e453d48e4449f8b853ffda12f13
      size: 6436
    outs:
    - path: results/fig4_tool_panels.png
      hash: md5
      md5: 4e381c75654cc8f14087e529caec9446
      size: 1107264
    - path: results/leuven_input_datasets.png
      hash: md5
      md5: c38314c0f506692077884cf0d9134aa9
      size: 1153485
  run_benchmarks:
    cmd: PYTHONPATH=. .venv/bin/python scripts/bench_leuven.py && PYTHONPATH=. 
      .venv/bin/python scripts/run_cityseer_demand_experiments.py && 
      PYTHONPATH=. .venv/bin/python scripts/run_leuven_demand_experiments.py && 
      PYTHONPATH=. .venv/bin/python scripts/bench_sdna.py && PYTHONPATH=. 
      .venv/bin/python scripts/generate_interactive_map.py
    deps:
    - path: data/leuven_attractors.geojson
      hash: md5
      md5: 43975c0f76a751eafd91d1af210eb190
      size: 556
    - path: data/leuven_telraam_pedestrians_4326.geojson
      hash: md5
      md5: b7ff1f833efaf3c3acc0097e1c700ef2
      size: 8583
    - path: data/leuven_walk_edges.gpkg
      hash: md5
      md5: ab62ecb68ab3b3be6534c8f0d90f8ca0
      size: 4882432
    - path: data/leuven_worldpop_origins.geojson
      hash: md5
      md5: f27b2225657688f3d2d79c85ca4f6e09
      size: 95575
    - path: scripts/bench_leuven.py
      hash: md5
      md5: 346a5ffe5d291d347cf1b8bce5975dd4
      size: 6966
    - path: scripts/bench_sdna.py
      hash: md5
      md5: 5bb5ea62c081eda82ba529f5c9806957
      size: 8252
    - path: scripts/config.py
      hash: md5
      md5: 353e1aa369603fdadaf33fe33f7bae29
      size: 814
    - path: scripts/generate_interactive_map.py
      hash: md5
      md5: 38b202e146ff38faa4f57aa0699e0e96
      size: 30263
    - path: scripts/run_cityseer_demand_experiments.py
      hash: md5
      md5: 63183984532de9984c0965d64066fc78
      size: 32970
    - path: scripts/run_leuven_demand_experiments.py
      hash: md5
      md5: c9d50be3e2d592534c1f6a1045614770
      size: 8542
    outs:
    - path: leuven-map-cityseer-demand.html
      hash: md5
      md5: 9216f4d8cba3347136ccee70f7165c89
      size: 1710340
    - path: leuven-map.html
      hash: md5
      md5: 779c879c4c073faa6c5c639e7c2abbb2
      size: 761948
    - path: results/cityseer_demand_best_predictions.csv
      hash: md5
      md5: 8745ca59829412e9f26d7b745e313c26
      size: 169
    - path: results/leuven_results.csv
      hash: md5
      md5: 6f65b12b8f6f7ae7259daeb16bcbede3
      size: 3381
    - path: results/madina_worldpop_best_predictions.csv
      hash: md5
      md5: e1a08292f8242ce815598ec0dc3736ad
      size: 170
    - path: results/sdna_best_predictions.csv
      hash: md5
      md5: a5c32fe1664032f9e16144a6ade480df
      size: 154
    - path: results/sdna_results.csv
      hash: md5
      md5: 138aa2a641f0cb0db72e15bfb6ccfca6
      size: 1197
  render_report:
    cmd: quarto render README.qmd --to gfm
    deps:
    - path: README.qmd
      hash: md5
      md5: dbd7a2fc5e5855accb08569e437e2565
      size: 18090
    - path: appendix-other-tools.qmd
      hash: md5
      md5: 74ba1619c850d2a4cc392ceb039199ce
      size: 2724
    - path: results/fig4_tool_panels.png
      hash: md5
      md5: 4e381c75654cc8f14087e529caec9446
      size: 1107264
    - path: results/leuven_input_datasets.png
      hash: md5
      md5: c38314c0f506692077884cf0d9134aa9
      size: 1153485
    - path: results/leuven_results.csv
      hash: md5
      md5: 6f65b12b8f6f7ae7259daeb16bcbede3
      size: 3381
