schema: '2.0'
stages:
  prepare_demand:
    cmd: PYTHONPATH=. .venv/bin/python scripts/prepare_demand.py --city leuven
    deps:
    - path: config/cities.yaml
      hash: md5
      md5: 48a912d57e6b5ffad6cee1b81d03c061
      size: 700
    - path: scripts/config.py
      hash: md5
      md5: e15826ebf21d825d512fb46010eb2460
      size: 1306
    - path: scripts/prepare_demand.py
      hash: md5
      md5: 9e6e185b3e6d8f1671bb30eb2f12e4d5
      size: 9268
    outs:
    - path: data/leuven_attractors.geojson
      hash: md5
      md5: 5d9baa17fc690c4ea7ad339b00cbc56b
      size: 155957
    - path: data/leuven_worldpop_origins.geojson
      hash: md5
      md5: 0bb365ebdfc40345274e149e845ac463
      size: 473509
  bench_leuven:
    cmd: PYTHONPATH=. .venv/bin/python scripts/bench_leuven.py
    deps:
    - path: data/leuven_telraam_pedestrians_4326.geojson
      hash: md5
      md5: b7ff1f833efaf3c3acc0097e1c700ef2
      size: 8583
    - path: data/leuven_walk_edges.gpkg
      hash: md5
      md5: ab62ecb68ab3b3be6534c8f0d90f8ca0
      size: 4882432
    - path: scripts/bench_leuven.py
      hash: md5
      md5: 346a5ffe5d291d347cf1b8bce5975dd4
      size: 6966
    - path: scripts/config.py
      hash: md5
      md5: 353e1aa369603fdadaf33fe33f7bae29
      size: 814
    outs:
    - path: results/leuven_results.csv
      hash: md5
      md5: 309bde6f5d89246e4f1c55a7c445bec5
      size: 857
  bench_cityseer_demand:
    cmd: PYTHONPATH=. .venv/bin/python 
      scripts/run_cityseer_demand_experiments.py
    deps:
    - path: data/leuven_attractors.geojson
      hash: md5
      md5: 43975c0f76a751eafd91d1af210eb190
      size: 556
    - path: data/leuven_telraam_pedestrians_4326.geojson
      hash: md5
      md5: b7ff1f833efaf3c3acc0097e1c700ef2
      size: 8583
    - path: data/leuven_walk_edges.gpkg
      hash: md5
      md5: ab62ecb68ab3b3be6534c8f0d90f8ca0
      size: 4882432
    - path: data/leuven_worldpop_origins.geojson
      hash: md5
      md5: f27b2225657688f3d2d79c85ca4f6e09
      size: 95575
    - path: scripts/config.py
      hash: md5
      md5: 353e1aa369603fdadaf33fe33f7bae29
      size: 814
    - path: scripts/run_cityseer_demand_experiments.py
      hash: md5
      md5: 63183984532de9984c0965d64066fc78
      size: 32970
    outs:
    - path: leuven-map-cityseer-demand.html
      hash: md5
      md5: 9216f4d8cba3347136ccee70f7165c89
      size: 1710340
    - path: results/cityseer_demand_best_predictions.csv
      hash: md5
      md5: 8745ca59829412e9f26d7b745e313c26
      size: 169
  bench_sdna:
    cmd: PYTHONPATH=. .venv/bin/python scripts/bench_sdna.py
    deps:
    - path: data/leuven_telraam_pedestrians_4326.geojson
      hash: md5
      md5: b7ff1f833efaf3c3acc0097e1c700ef2
      size: 8583
    - path: data/leuven_walk_edges.gpkg
      hash: md5
      md5: ab62ecb68ab3b3be6534c8f0d90f8ca0
      size: 4882432
    - path: scripts/bench_sdna.py
      hash: md5
      md5: e95f4c15e66d3a478bfd344c89f133f9
      size: 8378
    - path: scripts/config.py
      hash: md5
      md5: 353e1aa369603fdadaf33fe33f7bae29
      size: 814
    outs:
    - path: results/sdna_best_predictions.csv
      hash: md5
      md5: f5967b875e3470a52cd1fc59e83eb506
      size: 155
    - path: results/sdna_results.csv
      hash: md5
      md5: c090f7e20b9b5168823d70514e864438
      size: 1743
  generate_interactive_map:
    cmd: PYTHONPATH=. .venv/bin/python scripts/generate_interactive_map.py
    deps:
    - path: data/leuven_attractors.geojson
      hash: md5
      md5: 43975c0f76a751eafd91d1af210eb190
      size: 556
    - path: data/leuven_telraam_pedestrians_4326.geojson
      hash: md5
      md5: b7ff1f833efaf3c3acc0097e1c700ef2
      size: 8583
    - path: data/leuven_walk_edges.gpkg
      hash: md5
      md5: ab62ecb68ab3b3be6534c8f0d90f8ca0
      size: 4882432
    - path: data/leuven_worldpop_origins.geojson
      hash: md5
      md5: f27b2225657688f3d2d79c85ca4f6e09
      size: 95575
    - path: scripts/config.py
      hash: md5
      md5: 353e1aa369603fdadaf33fe33f7bae29
      size: 814
    - path: scripts/generate_interactive_map.py
      hash: md5
      md5: 38b202e146ff38faa4f57aa0699e0e96
      size: 30263
    outs:
    - path: leuven-map.html
      hash: md5
      md5: 779c879c4c073faa6c5c639e7c2abbb2
      size: 761948
    - path: results/madina_worldpop_best_predictions.csv
      hash: md5
      md5: e1a08292f8242ce815598ec0dc3736ad
      size: 170
  run_detour_experiments:
    cmd: PYTHONPATH=. .venv/bin/python scripts/run_detour_experiments.py
    deps:
    - path: data/leuven_attractors.geojson
      hash: md5
      md5: 43975c0f76a751eafd91d1af210eb190
      size: 556
    - path: data/leuven_telraam_pedestrians_4326.geojson
      hash: md5
      md5: b7ff1f833efaf3c3acc0097e1c700ef2
      size: 8583
    - path: data/leuven_walk_edges.gpkg
      hash: md5
      md5: ab62ecb68ab3b3be6534c8f0d90f8ca0
      size: 4882432
    - path: data/leuven_worldpop_origins.geojson
      hash: md5
      md5: f27b2225657688f3d2d79c85ca4f6e09
      size: 95575
    - path: scripts/config.py
      hash: md5
      md5: 353e1aa369603fdadaf33fe33f7bae29
      size: 814
    - path: scripts/run_detour_experiments.py
      hash: md5
      md5: 94eccf19e65fcad186b754f2ab46845a
      size: 24067
    outs:
    - path: leuven-map-detour-1.00.html
      hash: md5
      md5: ae396bcef419f724cb3a20b55898db75
      size: 754854
  generate_plots:
    cmd: PYTHONPATH=. .venv/bin/python scripts/fig_input_datasets.py --city 
      leuven && PYTHONPATH=. .venv/bin/python scripts/fig_option_a.py --city 
      leuven
    deps:
    - path: config/cities.yaml
      hash: md5
      md5: 48a912d57e6b5ffad6cee1b81d03c061
      size: 700
    - path: results/cityseer_demand_best_predictions.csv
      hash: md5
      md5: aea3e70bf41f38bd28544ca9ff305439
      size: 710
    - path: results/leuven_best_predictions.csv
      hash: md5
      md5: a7edcf245936a773a34dc27ae2b91f1b
      size: 452
    - path: results/sdna_best_predictions.csv
      hash: md5
      md5: e173cb3e226511707c22f3bc9b127b12
      size: 514
    - path: scripts/config.py
      hash: md5
      md5: e15826ebf21d825d512fb46010eb2460
      size: 1306
    - path: scripts/fig_input_datasets.py
      hash: md5
      md5: 9514031d98d077f54c25f1033aa397fd
      size: 3817
    - path: scripts/fig_option_a.py
      hash: md5
      md5: c4b1a0c1843d148344405ce5fc7cf40d
      size: 8039
  run_benchmarks:
    cmd: PYTHONPATH=. .venv/bin/python scripts/bench_city.py --city leuven && 
      PYTHONPATH=. .venv/bin/python scripts/run_cityseer_demand_experiments.py 
      && PYTHONPATH=. .venv/bin/python scripts/run_demand_experiments.py --city 
      leuven && PYTHONPATH=. .venv/bin/python scripts/bench_sdna.py && 
      PYTHONPATH=. .venv/bin/python scripts/generate_interactive_map.py --city 
      leuven
    deps:
    - path: config/cities.yaml
      hash: md5
      md5: 48a912d57e6b5ffad6cee1b81d03c061
      size: 700
    - path: data/leuven_attractors.geojson
      hash: md5
      md5: 5d9baa17fc690c4ea7ad339b00cbc56b
      size: 155957
    - path: data/leuven_telraam_pedestrians_4326.geojson
      hash: md5
      md5: b7ff1f833efaf3c3acc0097e1c700ef2
      size: 8583
    - path: data/leuven_walk_edges.gpkg
      hash: md5
      md5: ab62ecb68ab3b3be6534c8f0d90f8ca0
      size: 4882432
    - path: data/leuven_worldpop_origins.geojson
      hash: md5
      md5: 0bb365ebdfc40345274e149e845ac463
      size: 473509
    - path: scripts/bench_city.py
      hash: md5
      md5: c2dd6abe1020b89b8f43f4a15cf0f826
      size: 7341
    - path: scripts/bench_sdna.py
      hash: md5
      md5: ca86847d7c67e9d1612b60eba65a47b6
      size: 8563
    - path: scripts/config.py
      hash: md5
      md5: e15826ebf21d825d512fb46010eb2460
      size: 1306
    - path: scripts/generate_interactive_map.py
      hash: md5
      md5: bbceca5a09938954d6d3bb6f7f27846e
      size: 28438
    - path: scripts/merge_results.py
      hash: md5
      md5: 3bf194b8ca5e6d9d8ace813e1992e002
      size: 1049
    - path: scripts/run_cityseer_demand_experiments.py
      hash: md5
      md5: 8f36a220a28c2b10a9f49412f71c782b
      size: 32493
    - path: scripts/run_demand_experiments.py
      hash: md5
      md5: c64dcf977f6043dc8545a760ee1f63a6
      size: 6126
    - path: scripts/run_single_experiment.py
      hash: md5
      md5: 6352f217200eff41522e0138afcf2193
      size: 4047
    - path: scripts/utils/helpers.py
      hash: md5
      md5: f77beae30fca216b8c83efda1f04f091
      size: 2079
    outs:
    - path: leuven-map-cityseer-demand.html
      hash: md5
      md5: 4eb94b55408f030f14ce41cf17490c77
      size: 5575245
    - path: leuven-map.html
      hash: md5
      md5: a9416119885c71f55936b0e5b1a01ca6
      size: 2367402
    - path: results/cityseer_demand_best_predictions.csv
      hash: md5
      md5: aea3e70bf41f38bd28544ca9ff305439
      size: 710
    - path: results/leuven_best_predictions.csv
      hash: md5
      md5: a7edcf245936a773a34dc27ae2b91f1b
      size: 452
    - path: results/leuven_results.csv
      hash: md5
      md5: e4ff3c18555708833199ed5dc75dc98a
      size: 4995
    - path: results/sdna_best_predictions.csv
      hash: md5
      md5: e173cb3e226511707c22f3bc9b127b12
      size: 514
    - path: results/sdna_results.csv
      hash: md5
      md5: fd0fed9b2a730a95c560928f67103229
      size: 1823
  render_report:
    cmd: quarto render README.qmd --to gfm
    deps:
    - path: README.qmd
      hash: md5
      md5: 3430ab17afeb50384c5957014e07bfff
      size: 17908
    - path: appendix-other-tools.qmd
      hash: md5
      md5: 74ba1619c850d2a4cc392ceb039199ce
      size: 2724
    - path: results/fig4_tool_panels.png
      hash: md5
      md5: 346f07c3edae69d4e5d016cecdb8c277
      size: 605836
    - path: results/leuven_input_datasets.png
      hash: md5
      md5: c427ce4835c9fda66b05043d38f428e2
      size: 5647256
    - path: results/leuven_results.csv
      hash: md5
      md5: e4ff3c18555708833199ed5dc75dc98a
      size: 4995
    outs:
    - path: README.md
      hash: md5
      md5: 4b37d3606df63d99e693f2988768ef89
      size: 13515
    - path: results/fig1_barplot.png
      hash: md5
      md5: 8904f07b6935bd10f2a5c85aec8180df
      size: 97872
    - path: results/fig_gravity_barplot.png
      hash: md5
      md5: 387e426d35dce3d0f8e3a1ba36e2e135
      size: 96494
