schema: '2.0'
stages:
  prepare_demand:
    cmd: PYTHONPATH=. .venv/bin/python scripts/prepare_demand.py --city leuven
    deps:
    - path: config/cities.yaml
      hash: md5
      md5: 48a912d57e6b5ffad6cee1b81d03c061
      size: 700
    - path: scripts/config.py
      hash: md5
      md5: e15826ebf21d825d512fb46010eb2460
      size: 1306
    - path: scripts/prepare_demand.py
      hash: md5
      md5: 9e6e185b3e6d8f1671bb30eb2f12e4d5
      size: 9268
    outs:
    - path: data/leuven_attractors.geojson
      hash: md5
      md5: 5d9baa17fc690c4ea7ad339b00cbc56b
      size: 155957
    - path: data/leuven_worldpop_origins.geojson
      hash: md5
      md5: 0bb365ebdfc40345274e149e845ac463
      size: 473509
  bench_leuven:
    cmd: PYTHONPATH=. .venv/bin/python scripts/bench_leuven.py
    deps:
    - path: data/leuven_telraam_pedestrians_4326.geojson
      hash: md5
      md5: b7ff1f833efaf3c3acc0097e1c700ef2
      size: 8583
    - path: data/leuven_walk_edges.gpkg
      hash: md5
      md5: ab62ecb68ab3b3be6534c8f0d90f8ca0
      size: 4882432
    - path: scripts/bench_leuven.py
      hash: md5
      md5: 346a5ffe5d291d347cf1b8bce5975dd4
      size: 6966
    - path: scripts/config.py
      hash: md5
      md5: 353e1aa369603fdadaf33fe33f7bae29
      size: 814
    outs:
    - path: results/leuven_results.csv
      hash: md5
      md5: 309bde6f5d89246e4f1c55a7c445bec5
      size: 857
  bench_cityseer_demand:
    cmd: PYTHONPATH=. .venv/bin/python 
      scripts/run_cityseer_demand_experiments.py
    deps:
    - path: config/cities.yaml
      hash: md5
      md5: 48a912d57e6b5ffad6cee1b81d03c061
      size: 700
    - path: data/leuven_attractors.geojson
      hash: md5
      md5: 5d9baa17fc690c4ea7ad339b00cbc56b
      size: 155957
    - path: data/leuven_telraam_pedestrians_4326.geojson
      hash: md5
      md5: b7ff1f833efaf3c3acc0097e1c700ef2
      size: 8583
    - path: data/leuven_walk_edges.gpkg
      hash: md5
      md5: ab62ecb68ab3b3be6534c8f0d90f8ca0
      size: 4882432
    - path: data/leuven_worldpop_origins.geojson
      hash: md5
      md5: 0bb365ebdfc40345274e149e845ac463
      size: 473509
    - path: scripts/config.py
      hash: md5
      md5: e15826ebf21d825d512fb46010eb2460
      size: 1306
    - path: scripts/run_cityseer_demand_experiments.py
      hash: md5
      md5: e32797b87e87b6eeba9e2e876bef05ae
      size: 32509
    - path: scripts/utils/helpers.py
      hash: md5
      md5: f77beae30fca216b8c83efda1f04f091
      size: 2079
    outs:
    - path: leuven-map-cityseer-demand.html
      hash: md5
      md5: ef93ca0fd53d3405422a498d765debda
      size: 5575231
    - path: results/cityseer_demand_best_predictions.csv
      hash: md5
      md5: cfe0b117a2c870d8e7b6adc966ec0269
      size: 708
    - path: results/leuven_cityseer_demand_results.csv
      hash: md5
      md5: 71c22974c95546e25d18b20cac3b6619
      size: 1404
  bench_sdna:
    cmd: PYTHONPATH=. .venv/bin/python scripts/bench_sdna.py
    deps:
    - path: config/cities.yaml
      hash: md5
      md5: 48a912d57e6b5ffad6cee1b81d03c061
      size: 700
    - path: data/leuven_telraam_pedestrians_4326.geojson
      hash: md5
      md5: b7ff1f833efaf3c3acc0097e1c700ef2
      size: 8583
    - path: data/leuven_walk_edges.gpkg
      hash: md5
      md5: ab62ecb68ab3b3be6534c8f0d90f8ca0
      size: 4882432
    - path: scripts/bench_sdna.py
      hash: md5
      md5: 83cc3a9748c1bb5f82b8bacdd67668ab
      size: 8454
    - path: scripts/config.py
      hash: md5
      md5: e15826ebf21d825d512fb46010eb2460
      size: 1306
    - path: scripts/utils/helpers.py
      hash: md5
      md5: f77beae30fca216b8c83efda1f04f091
      size: 2079
    outs:
    - path: results/sdna_best_predictions.csv
      hash: md5
      md5: e173cb3e226511707c22f3bc9b127b12
      size: 514
    - path: results/sdna_results.csv
      hash: md5
      md5: 60f3481009518f5116358c37150ef9df
      size: 1823
  generate_interactive_map:
    cmd: PYTHONPATH=. .venv/bin/python scripts/generate_interactive_map.py 
      --city leuven
    deps:
    - path: config/cities.yaml
      hash: md5
      md5: 48a912d57e6b5ffad6cee1b81d03c061
      size: 700
    - path: data/leuven_telraam_pedestrians_4326.geojson
      hash: md5
      md5: b7ff1f833efaf3c3acc0097e1c700ef2
      size: 8583
    - path: data/leuven_walk_edges.gpkg
      hash: md5
      md5: ab62ecb68ab3b3be6534c8f0d90f8ca0
      size: 4882432
    - path: scripts/config.py
      hash: md5
      md5: e15826ebf21d825d512fb46010eb2460
      size: 1306
    - path: scripts/generate_interactive_map.py
      hash: md5
      md5: bbceca5a09938954d6d3bb6f7f27846e
      size: 28438
    - path: scripts/utils/helpers.py
      hash: md5
      md5: f77beae30fca216b8c83efda1f04f091
      size: 2079
    outs:
    - path: leuven-map.html
      hash: md5
      md5: 2481d8245bc4895ec222efa7efbd3877
      size: 2464751
    - path: results/leuven_best_predictions.csv
      hash: md5
      md5: e3af498f514472f50c8df16ea684fd79
      size: 726
  run_detour_experiments:
    cmd: PYTHONPATH=. .venv/bin/python scripts/run_detour_experiments.py
    deps:
    - path: data/leuven_attractors.geojson
      hash: md5
      md5: 43975c0f76a751eafd91d1af210eb190
      size: 556
    - path: data/leuven_telraam_pedestrians_4326.geojson
      hash: md5
      md5: b7ff1f833efaf3c3acc0097e1c700ef2
      size: 8583
    - path: data/leuven_walk_edges.gpkg
      hash: md5
      md5: ab62ecb68ab3b3be6534c8f0d90f8ca0
      size: 4882432
    - path: data/leuven_worldpop_origins.geojson
      hash: md5
      md5: f27b2225657688f3d2d79c85ca4f6e09
      size: 95575
    - path: scripts/config.py
      hash: md5
      md5: 353e1aa369603fdadaf33fe33f7bae29
      size: 814
    - path: scripts/run_detour_experiments.py
      hash: md5
      md5: 94eccf19e65fcad186b754f2ab46845a
      size: 24067
    outs:
    - path: leuven-map-detour-1.00.html
      hash: md5
      md5: ae396bcef419f724cb3a20b55898db75
      size: 754854
  generate_plots:
    cmd: PYTHONPATH=. .venv/bin/python scripts/fig_input_datasets.py --city 
      leuven && PYTHONPATH=. .venv/bin/python scripts/fig_tool_comparison.py --city 
      leuven
    deps:
    - path: config/cities.yaml
      hash: md5
      md5: 48a912d57e6b5ffad6cee1b81d03c061
      size: 700
    - path: results/cityseer_demand_best_predictions.csv
      hash: md5
      md5: cfe0b117a2c870d8e7b6adc966ec0269
      size: 708
    - path: results/leuven_best_predictions.csv
      hash: md5
      md5: e3af498f514472f50c8df16ea684fd79
      size: 726
    - path: results/sdna_best_predictions.csv
      hash: md5
      md5: e173cb3e226511707c22f3bc9b127b12
      size: 514
    - path: scripts/config.py
      hash: md5
      md5: e15826ebf21d825d512fb46010eb2460
      size: 1306
    - path: scripts/fig_input_datasets.py
      hash: md5
      md5: 9514031d98d077f54c25f1033aa397fd
      size: 3817
    - path: scripts/fig_tool_comparison.py
      hash: md5
      md5: c4b1a0c1843d148344405ce5fc7cf40d
      size: 8039
  run_benchmarks:
    cmd: PYTHONPATH=. .venv/bin/python scripts/bench_centrality.py --city leuven && 
      PYTHONPATH=. .venv/bin/python scripts/run_cityseer_demand_experiments.py 
      && PYTHONPATH=. .venv/bin/python scripts/run_madina_demand_experiments.py --city 
      leuven && PYTHONPATH=. .venv/bin/python scripts/bench_sdna.py && 
      PYTHONPATH=. .venv/bin/python scripts/generate_interactive_map.py --city 
      leuven
    deps:
    - path: config/cities.yaml
      hash: md5
      md5: 48a912d57e6b5ffad6cee1b81d03c061
      size: 700
    - path: data/leuven_attractors.geojson
      hash: md5
      md5: 5d9baa17fc690c4ea7ad339b00cbc56b
      size: 155957
    - path: data/leuven_telraam_pedestrians_4326.geojson
      hash: md5
      md5: b7ff1f833efaf3c3acc0097e1c700ef2
      size: 8583
    - path: data/leuven_walk_edges.gpkg
      hash: md5
      md5: ab62ecb68ab3b3be6534c8f0d90f8ca0
      size: 4882432
    - path: data/leuven_worldpop_origins.geojson
      hash: md5
      md5: 0bb365ebdfc40345274e149e845ac463
      size: 473509
    - path: scripts/bench_centrality.py
      hash: md5
      md5: c2dd6abe1020b89b8f43f4a15cf0f826
      size: 7341
    - path: scripts/bench_sdna.py
      hash: md5
      md5: ca86847d7c67e9d1612b60eba65a47b6
      size: 8563
    - path: scripts/config.py
      hash: md5
      md5: e15826ebf21d825d512fb46010eb2460
      size: 1306
    - path: scripts/generate_interactive_map.py
      hash: md5
      md5: bbceca5a09938954d6d3bb6f7f27846e
      size: 28438
    - path: scripts/csv_utils.py
      hash: md5
      md5: 3bf194b8ca5e6d9d8ace813e1992e002
      size: 1049
    - path: scripts/run_cityseer_demand_experiments.py
      hash: md5
      md5: 8f36a220a28c2b10a9f49412f71c782b
      size: 32493
    - path: scripts/run_madina_demand_experiments.py
      hash: md5
      md5: db304923b261ae8314ae8ee23d23b4bf
      size: 6130
    - path: scripts/run_single_experiment.py
      hash: md5
      md5: 6352f217200eff41522e0138afcf2193
      size: 4047
    - path: scripts/utils/helpers.py
      hash: md5
      md5: f77beae30fca216b8c83efda1f04f091
      size: 2079
    outs:
    - path: leuven-map-cityseer-demand.html
      hash: md5
      md5: e6250a7b61a104e54dc5ba8a059f5815
      size: 5575298
    - path: leuven-map.html
      hash: md5
      md5: 2481d8245bc4895ec222efa7efbd3877
      size: 2464751
    - path: results/cityseer_demand_best_predictions.csv
      hash: md5
      md5: 22bd17b0c4ac0b563439a5371208356b
      size: 709
    - path: results/leuven_best_predictions.csv
      hash: md5
      md5: e3af498f514472f50c8df16ea684fd79
      size: 726
    - path: results/leuven_results.csv
      hash: md5
      md5: c0cf68d60eaa11a697b61ae45cf4b833
      size: 4929
    - path: results/sdna_best_predictions.csv
      hash: md5
      md5: e173cb3e226511707c22f3bc9b127b12
      size: 514
    - path: results/sdna_results.csv
      hash: md5
      md5: 353c8226ee1362ff1a71caec5965d9b7
      size: 1824
  render_report:
    cmd: quarto render README.qmd --to gfm
    deps:
    - path: README.qmd
      hash: md5
      md5: ece4cdc34234d6071068ae808df3957f
      size: 19119
    - path: appendix-other-tools.qmd
      hash: md5
      md5: 74ba1619c850d2a4cc392ceb039199ce
      size: 2724
    - path: results/fig4_tool_panels.png
      hash: md5
      md5: 1ebc98a2ab8fc3d459575f5e162d8962
      size: 619489
    - path: results/leuven_input_datasets.png
      hash: md5
      md5: c427ce4835c9fda66b05043d38f428e2
      size: 5647256
    - path: results/leuven_results.csv
      hash: md5
      md5: 04cb7370747464d2b4c0b0922a09f3db
      size: 4884
    outs:
    - path: README.md
      hash: md5
      md5: 95450921e70500a3a858f2c48a98dfd8
      size: 14856
    - path: results/fig1_barplot.png
      hash: md5
      md5: 6926919482186f52ea788dcc162f7fa2
      size: 94197
    - path: results/fig_gravity_barplot.png
      hash: md5
      md5: ee1b503bc8fe9b6994db216d222dcf13
      size: 75549
  bench_centrality:
    cmd: PYTHONPATH=. .venv/bin/python scripts/bench_centrality.py --city leuven
    deps:
    - path: config/cities.yaml
      hash: md5
      md5: 48a912d57e6b5ffad6cee1b81d03c061
      size: 700
    - path: data/leuven_telraam_pedestrians_4326.geojson
      hash: md5
      md5: b7ff1f833efaf3c3acc0097e1c700ef2
      size: 8583
    - path: data/leuven_walk_edges.gpkg
      hash: md5
      md5: ab62ecb68ab3b3be6534c8f0d90f8ca0
      size: 4882432
    - path: scripts/bench_centrality.py
      hash: md5
      md5: b428551ba3e9ae10849795637a802b58
      size: 7416
    - path: scripts/config.py
      hash: md5
      md5: e15826ebf21d825d512fb46010eb2460
      size: 1306
    - path: scripts/utils/helpers.py
      hash: md5
      md5: f77beae30fca216b8c83efda1f04f091
      size: 2079
    outs:
    - path: results/leuven_centrality_results.csv
      hash: md5
      md5: 0445e2845599c9b1610b41ed0e81a867
      size: 855
  bench_madina_gravity:
    cmd: PYTHONPATH=. .venv/bin/python scripts/run_madina_demand_experiments.py --city 
      leuven
    deps:
    - path: config/cities.yaml
      hash: md5
      md5: 48a912d57e6b5ffad6cee1b81d03c061
      size: 700
    - path: data/leuven_attractors.geojson
      hash: md5
      md5: 5d9baa17fc690c4ea7ad339b00cbc56b
      size: 155957
    - path: data/leuven_telraam_pedestrians_4326.geojson
      hash: md5
      md5: b7ff1f833efaf3c3acc0097e1c700ef2
      size: 8583
    - path: data/leuven_walk_edges.gpkg
      hash: md5
      md5: ab62ecb68ab3b3be6534c8f0d90f8ca0
      size: 4882432
    - path: data/leuven_worldpop_origins.geojson
      hash: md5
      md5: 0bb365ebdfc40345274e149e845ac463
      size: 473509
    - path: scripts/config.py
      hash: md5
      md5: e15826ebf21d825d512fb46010eb2460
      size: 1306
    - path: scripts/run_madina_demand_experiments.py
      hash: md5
      md5: cdfe0adcaa0240535708f7a65ea70ec6
      size: 6146
    - path: scripts/run_single_experiment.py
      hash: md5
      md5: 6352f217200eff41522e0138afcf2193
      size: 4047
    - path: scripts/utils/helpers.py
      hash: md5
      md5: f77beae30fca216b8c83efda1f04f091
      size: 2079
    outs:
    - path: results/leuven_madina_worldpop_results.csv
      hash: md5
      md5: aeed3cc89a885dedf21ee46b7a74eae3
      size: 1114
  merge_results:
    cmd: PYTHONPATH=. .venv/bin/python scripts/merge_all.py
    deps:
    - path: results/leuven_centrality_results.csv
      hash: md5
      md5: 0445e2845599c9b1610b41ed0e81a867
      size: 855
    - path: results/leuven_cityseer_demand_results.csv
      hash: md5
      md5: 71c22974c95546e25d18b20cac3b6619
      size: 1404
    - path: results/leuven_madina_worldpop_results.csv
      hash: md5
      md5: aeed3cc89a885dedf21ee46b7a74eae3
      size: 1114
    - path: results/sdna_results.csv
      hash: md5
      md5: 60f3481009518f5116358c37150ef9df
      size: 1823
    - path: scripts/merge_all.py
      hash: md5
      md5: 35415ee7e14b122cf10b8f113d67ac54
      size: 1532
      isexec: true
    outs:
    - path: results/leuven_results.csv
      hash: md5
      md5: 04cb7370747464d2b4c0b0922a09f3db
      size: 4884
